{
  "name": "cesium-cc-quake",
  "version": "1.0.0",
  "lockfileVersion": 1,
  "requires": true,
  "dependencies": {
    "cesium": {
      "version": "1.78.0",
      "resolved": "https://registry.npmjs.org/cesium/-/cesium-1.78.0.tgz",
      "integrity": "sha512-ulEILDn0G2czV7CONX0IGMUqcaH3igBkZ/1pXBTQldANw9ntxaWjF3F6IzP1MOY2lZtvEdsroYB30ML9SDRSBg=="
    },
    "jquery-ui": {
      "version": "1.12.1",
      "resolved": "https://registry.npmjs.org/jquery-ui/-/jquery-ui-1.12.1.tgz",
      "integrity": "sha1-vLQEXI3QU5wTS8FIjN0+dop6nlE="
    }
  }
}
